
Microsoft Visual Studio Solution File, Format Version 12.00
# Visual Studio Version 17
VisualStudioVersion = 17.3.32922.545
MinimumVisualStudioVersion = 10.0.40219.1
Project("{2150E333-8FDC-42A3-9474-1A3956D46DE8}") = "test", "test", "{D2879554-5994-434F-96E3-7FDADF07ECC1}"
EndProject
Project("{FAE04EC0-301F-11D3-BF4B-00C04F79EFBC}") = "EnglishSentence.Test", "test\EnglishSentence.Test\EnglishSentence.Test.csproj", "{6C30C51E-3922-449B-94D5-9232D153BDD4}"
EndProject
Project("{2150E333-8FDC-42A3-9474-1A3956D46DE8}") = "app", "app", "{32FB0F82-F399-4B4F-BD67-111D1D318CEF}"
EndProject
Project("{FAE04EC0-301F-11D3-BF4B-00C04F79EFBC}") = "EnglishSentence", "app\EnglishSentence\EnglishSentence.csproj", "{8E033AB0-DA90-4601-B062-10637CABE5DB}"
EndProject
Project("{FAE04EC0-301F-11D3-BF4B-00C04F79EFBC}") = "EnglishSentenceCore.UnitTest", "test\EnglishSentenceCore.UnitTest\EnglishSentenceCore.UnitTest.csproj", "{48D5DEFA-F4E6-4882-AE1A-BCCA223F149C}"
EndProject
Global
	GlobalSection(SolutionConfigurationPlatforms) = preSolution
		Debug|Any CPU = Debug|Any CPU
		Release|Any CPU = Release|Any CPU
	EndGlobalSection
	GlobalSection(ProjectConfigurationPlatforms) = postSolution
		{6C30C51E-3922-449B-94D5-9232D153BDD4}.Debug|Any CPU.ActiveCfg = Debug|Any CPU
		{6C30C51E-3922-449B-94D5-9232D153BDD4}.Debug|Any CPU.Build.0 = Debug|Any CPU
		{6C30C51E-3922-449B-94D5-9232D153BDD4}.Release|Any CPU.ActiveCfg = Release|Any CPU
		{6C30C51E-3922-449B-94D5-9232D153BDD4}.Release|Any CPU.Build.0 = Release|Any CPU
		{8E033AB0-DA90-4601-B062-10637CABE5DB}.Debug|Any CPU.ActiveCfg = Debug|Any CPU
		{8E033AB0-DA90-4601-B062-10637CABE5DB}.Debug|Any CPU.Build.0 = Debug|Any CPU
		{8E033AB0-DA90-4601-B062-10637CABE5DB}.Release|Any CPU.ActiveCfg = Release|Any CPU
		{8E033AB0-DA90-4601-B062-10637CABE5DB}.Release|Any CPU.Build.0 = Release|Any CPU
		{48D5DEFA-F4E6-4882-AE1A-BCCA223F149C}.Debug|Any CPU.ActiveCfg = Debug|Any CPU
		{48D5DEFA-F4E6-4882-AE1A-BCCA223F149C}.Debug|Any CPU.Build.0 = Debug|Any CPU
		{48D5DEFA-F4E6-4882-AE1A-BCCA223F149C}.Release|Any CPU.ActiveCfg = Release|Any CPU
		{48D5DEFA-F4E6-4882-AE1A-BCCA223F149C}.Release|Any CPU.Build.0 = Release|Any CPU
	EndGlobalSection
	GlobalSection(SolutionProperties) = preSolution
		HideSolutionNode = FALSE
	EndGlobalSection
	GlobalSection(ExtensibilityGlobals) = postSolution
		SolutionGuid = {ACDE5F98-8CB4-4DDF-B625-EEC4135E2BF2}
	EndGlobalSection
	GlobalSection(NestedProjects) = preSolution
		{6C30C51E-3922-449B-94D5-9232D153BDD4} = {D2879554-5994-434F-96E3-7FDADF07ECC1}
		{8E033AB0-DA90-4601-B062-10637CABE5DB} = {32FB0F82-F399-4B4F-BD67-111D1D318CEF}
		{48D5DEFA-F4E6-4882-AE1A-BCCA223F149C} = {D2879554-5994-434F-96E3-7FDADF07ECC1}
	EndGlobalSection
EndGlobal
